# Exact dependency versions for the Windows build.
#
# WHY THIS FILE EXISTS
# requirements.txt gives ranges ("streamlit>=1.59.0"), so a fresh CI install
# picks whatever is newest that day. That is how build 31013372986 shipped a
# LedgerTB that returned HTTP 500 on every page: it drew starlette 1.4.0, which
# made an argument required that Streamlit 1.61.0 did not pass. Streamlit
# 1.61.1 later capped it at "starlette<1.4.0". Same source, different day,
# different app.
#
# This file closes the period. A tagged release can be rebuilt to the same
# bytes, and "what is in the build members are running" has an answer.
#
# VERIFIED on Windows 11 / Python 3.12.10, 2026-08-05:
#   - the full non-performance suite passes (pytest -m "not performance")
#   - the server starts and returns HTTP 200
#
# TO REGENERATE (on Windows, Python 3.12, after changing requirements.txt):
#   python -m venv .lockenv
#   .lockenv\Scripts\python -m pip install -r requirements.txt -r requirements-desktop.txt
#   .lockenv\Scripts\python -m pip freeze > requirements-windows.lock
# Then re-run the tests and the server smoke check before committing.
#
# macOS still builds from requirements.txt. Give it its own lock when the Mac
# release is automated.

altair==6.2.2
altgraph==0.17.5
annotated-types==0.8.0
anthropic==0.120.2
anyio==4.14.2
attrs==26.1.0
blinker==1.9.0
bottle==0.13.4
certifi==2026.7.22
cffi==2.1.1
charset-normalizer==3.4.9
click==8.4.2
clr_loader==0.3.1
colorama==0.4.6
cryptography==50.0.0
distro==1.9.0
docstring_parser==0.18.0
et_xmlfile==2.0.0
h11==0.16.0
httpcore==1.0.9
httpcore2==2.9.1
httptools==0.8.0
httpx==0.28.1
httpx2==2.9.1
idna==3.18
iniconfig==2.3.0
itsdangerous==2.2.0
jaraco.classes==3.4.0
jaraco.context==6.1.2
jaraco.functools==4.6.0
Jinja2==3.1.6
jiter==0.16.0
jsonschema==4.26.0
jsonschema-specifications==2025.9.1
keyring==25.7.0
MarkupSafe==3.0.3
mcp==2.0.0
mcp-types==2.0.0
more-itertools==11.1.0
narwhals==2.24.0
numpy==2.5.1
openpyxl==3.1.5
opentelemetry-api==1.44.0
packaging==26.3
pandas==3.0.5
pefile==2024.8.26
pillow==12.3.0
platformdirs==4.11.0
pluggy==1.6.0
portalocker==3.2.0
protobuf==7.35.1
proxy_tools==0.1.0
pyarrow==24.0.0
pycparser==3.0
pydantic==2.13.4
pydantic_core==2.46.4
pydeck==0.9.3
Pygments==2.20.0
pyinstaller==6.21.0
pyinstaller-hooks-contrib==2026.6
PyJWT==2.13.0
pypdfium2==5.4.0
pytest==9.1.1
python-dateutil==2.9.0.post0
python-dotenv==1.2.2
python-multipart==0.0.32
pythonnet==3.1.0
pywebview==6.2.1
pywin32==312
pywin32-ctypes==0.2.3
referencing==0.37.0
rapidfuzz==3.14.5
reportlab==5.0.0
requests==2.34.2
rpds-py==2026.6.3
setuptools==83.0.0
six==1.17.0
sniffio==1.3.1
sqlcipher3==0.6.2
sse-starlette==3.4.8
starlette==1.3.1
streamlit==1.61.1
tenacity==9.1.4
toml==0.10.2
truststore==0.10.4
typing_extensions==4.16.0
typing-inspection==0.4.2
tzdata==2026.3
urllib3==2.7.0
uvicorn==0.52.1
watchdog==6.0.0
websockets==16.1.1
